
Microsoft Visual Studio Solution File, Format Version 12.00
# Visual Studio Version 16
VisualStudioVersion = 16.0.29324.140
MinimumVisualStudioVersion = 10.0.40219.1
Project("{FAE04EC0-301F-11D3-BF4B-00C04F79EFBC}") = "Taxi.Common", "Taxi.Common\Taxi.Common.csproj", "{2BD4D2A0-959A-49D7-99C5-41239E38EF1E}"
EndProject
Project("{FAE04EC0-301F-11D3-BF4B-00C04F79EFBC}") = "Taxi.Web", "Taxi.Web\Taxi.Web.csproj", "{A732C8AC-0B09-4DFC-8ACA-219FDB82B224}"
EndProject
Project("{FAE04EC0-301F-11D3-BF4B-00C04F79EFBC}") = "Taxi.Prism", "Taxi.Prism\Taxi.Prism\Taxi.Prism.csproj", "{39EE11D7-D7B1-427B-867B-79811716E785}"
EndProject
Project("{FAE04EC0-301F-11D3-BF4B-00C04F79EFBC}") = "Taxi.Prism.Android", "Taxi.Prism\Taxi.Prism.Android\Taxi.Prism.Android.csproj", "{20D1302E-3406-4762-91EE-759F27DEDD96}"
EndProject
Project("{FAE04EC0-301F-11D3-BF4B-00C04F79EFBC}") = "Taxi.Prism.iOS", "Taxi.Prism\Taxi.Prism.iOS\Taxi.Prism.iOS.csproj", "{25CFB562-F969-4769-9883-5BE1AB677E64}"
EndProject
Project("{FAE04EC0-301F-11D3-BF4B-00C04F79EFBC}") = "Taxi.Cross.Android", "Taxi.Cross.Android\Taxi.Cross.Android.csproj", "{114154FA-56AB-419F-B0A0-43FA4041A901}"
EndProject
Global
	GlobalSection(SolutionConfigurationPlatforms) = preSolution
		Ad-Hoc|Any CPU = Ad-Hoc|Any CPU
		Ad-Hoc|iPhone = Ad-Hoc|iPhone
		Ad-Hoc|iPhoneSimulator = Ad-Hoc|iPhoneSimulator
		AppStore|Any CPU = AppStore|Any CPU
		AppStore|iPhone = AppStore|iPhone
		AppStore|iPhoneSimulator = AppStore|iPhoneSimulator
		Debug|Any CPU = Debug|Any CPU
		Debug|iPhone = Debug|iPhone
		Debug|iPhoneSimulator = Debug|iPhoneSimulator
		Release|Any CPU = Release|Any CPU
		Release|iPhone = Release|iPhone
		Release|iPhoneSimulator = Release|iPhoneSimulator
	EndGlobalSection
	GlobalSection(ProjectConfigurationPlatforms) = postSolution
		{2BD4D2A0-959A-49D7-99C5-41239E38EF1E}.Ad-Hoc|Any CPU.ActiveCfg = Debug|Any CPU
		{2BD4D2A0-959A-49D7-99C5-41239E38EF1E}.Ad-Hoc|Any CPU.Build.0 = Debug|Any CPU
		{2BD4D2A0-959A-49D7-99C5-41239E38EF1E}.Ad-Hoc|iPhone.ActiveCfg = Debug|Any CPU
		{2BD4D2A0-959A-49D7-99C5-41239E38EF1E}.Ad-Hoc|iPhone.Build.0 = Debug|Any CPU
		{2BD4D2A0-959A-49D7-99C5-41239E38EF1E}.Ad-Hoc|iPhoneSimulator.ActiveCfg = Debug|Any CPU
		{2BD4D2A0-959A-49D7-99C5-41239E38EF1E}.Ad-Hoc|iPhoneSimulator.Build.0 = Debug|Any CPU
		{2BD4D2A0-959A-49D7-99C5-41239E38EF1E}.AppStore|Any CPU.ActiveCfg = Debug|Any CPU
		{2BD4D2A0-959A-49D7-99C5-41239E38EF1E}.AppStore|Any CPU.Build.0 = Debug|Any CPU
		{2BD4D2A0-959A-49D7-99C5-41239E38EF1E}.AppStore|iPhone.ActiveCfg = Debug|Any CPU
		{2BD4D2A0-959A-49D7-99C5-41239E38EF1E}.AppStore|iPhone.Build.0 = Debug|Any CPU
		{2BD4D2A0-959A-49D7-99C5-41239E38EF1E}.AppStore|iPhoneSimulator.ActiveCfg = Debug|Any CPU
		{2BD4D2A0-959A-49D7-99C5-41239E38EF1E}.AppStore|iPhoneSimulator.Build.0 = Debug|Any CPU
		{2BD4D2A0-959A-49D7-99C5-41239E38EF1E}.Debug|Any CPU.ActiveCfg = Debug|Any CPU
		{2BD4D2A0-959A-49D7-99C5-41239E38EF1E}.Debug|Any CPU.Build.0 = Debug|Any CPU
		{2BD4D2A0-959A-49D7-99C5-41239E38EF1E}.Debug|iPhone.ActiveCfg = Debug|Any CPU
		{2BD4D2A0-959A-49D7-99C5-41239E38EF1E}.Debug|iPhone.Build.0 = Debug|Any CPU
		{2BD4D2A0-959A-49D7-99C5-41239E38EF1E}.Debug|iPhoneSimulator.ActiveCfg = Debug|Any CPU
		{2BD4D2A0-959A-49D7-99C5-41239E38EF1E}.Debug|iPhoneSimulator.Build.0 = Debug|Any CPU
		{2BD4D2A0-959A-49D7-99C5-41239E38EF1E}.Release|Any CPU.ActiveCfg = Release|Any CPU
		{2BD4D2A0-959A-49D7-99C5-41239E38EF1E}.Release|Any CPU.Build.0 = Release|Any CPU
		{2BD4D2A0-959A-49D7-99C5-41239E38EF1E}.Release|iPhone.ActiveCfg = Release|Any CPU
		{2BD4D2A0-959A-49D7-99C5-41239E38EF1E}.Release|iPhone.Build.0 = Release|Any CPU
		{2BD4D2A0-959A-49D7-99C5-41239E38EF1E}.Release|iPhoneSimulator.ActiveCfg = Release|Any CPU
		{2BD4D2A0-959A-49D7-99C5-41239E38EF1E}.Release|iPhoneSimulator.Build.0 = Release|Any CPU
		{A732C8AC-0B09-4DFC-8ACA-219FDB82B224}.Ad-Hoc|Any CPU.ActiveCfg = Debug|Any CPU
		{A732C8AC-0B09-4DFC-8ACA-219FDB82B224}.Ad-Hoc|Any CPU.Build.0 = Debug|Any CPU
		{A732C8AC-0B09-4DFC-8ACA-219FDB82B224}.Ad-Hoc|iPhone.ActiveCfg = Debug|Any CPU
		{A732C8AC-0B09-4DFC-8ACA-219FDB82B224}.Ad-Hoc|iPhone.Build.0 = Debug|Any CPU
		{A732C8AC-0B09-4DFC-8ACA-219FDB82B224}.Ad-Hoc|iPhoneSimulator.ActiveCfg = Debug|Any CPU
		{A732C8AC-0B09-4DFC-8ACA-219FDB82B224}.Ad-Hoc|iPhoneSimulator.Build.0 = Debug|Any CPU
		{A732C8AC-0B09-4DFC-8ACA-219FDB82B224}.AppStore|Any CPU.ActiveCfg = Debug|Any CPU
		{A732C8AC-0B09-4DFC-8ACA-219FDB82B224}.AppStore|Any CPU.Build.0 = Debug|Any CPU
		{A732C8AC-0B09-4DFC-8ACA-219FDB82B224}.AppStore|iPhone.ActiveCfg = Debug|Any CPU
		{A732C8AC-0B09-4DFC-8ACA-219FDB82B224}.AppStore|iPhone.Build.0 = Debug|Any CPU
		{A732C8AC-0B09-4DFC-8ACA-219FDB82B224}.AppStore|iPhoneSimulator.ActiveCfg = Debug|Any CPU
		{A732C8AC-0B09-4DFC-8ACA-219FDB82B224}.AppStore|iPhoneSimulator.Build.0 = Debug|Any CPU
		{A732C8AC-0B09-4DFC-8ACA-219FDB82B224}.Debug|Any CPU.ActiveCfg = Debug|Any CPU
		{A732C8AC-0B09-4DFC-8ACA-219FDB82B224}.Debug|Any CPU.Build.0 = Debug|Any CPU
		{A732C8AC-0B09-4DFC-8ACA-219FDB82B224}.Debug|iPhone.ActiveCfg = Debug|Any CPU
		{A732C8AC-0B09-4DFC-8ACA-219FDB82B224}.Debug|iPhone.Build.0 = Debug|Any CPU
		{A732C8AC-0B09-4DFC-8ACA-219FDB82B224}.Debug|iPhoneSimulator.ActiveCfg = Debug|Any CPU
		{A732C8AC-0B09-4DFC-8ACA-219FDB82B224}.Debug|iPhoneSimulator.Build.0 = Debug|Any CPU
		{A732C8AC-0B09-4DFC-8ACA-219FDB82B224}.Release|Any CPU.ActiveCfg = Release|Any CPU
		{A732C8AC-0B09-4DFC-8ACA-219FDB82B224}.Release|Any CPU.Build.0 = Release|Any CPU
		{A732C8AC-0B09-4DFC-8ACA-219FDB82B224}.Release|iPhone.ActiveCfg = Release|Any CPU
		{A732C8AC-0B09-4DFC-8ACA-219FDB82B224}.Release|iPhone.Build.0 = Release|Any CPU
		{A732C8AC-0B09-4DFC-8ACA-219FDB82B224}.Release|iPhoneSimulator.ActiveCfg = Release|Any CPU
		{A732C8AC-0B09-4DFC-8ACA-219FDB82B224}.Release|iPhoneSimulator.Build.0 = Release|Any CPU
		{39EE11D7-D7B1-427B-867B-79811716E785}.Ad-Hoc|Any CPU.ActiveCfg = Debug|Any CPU
		{39EE11D7-D7B1-427B-867B-79811716E785}.Ad-Hoc|Any CPU.Build.0 = Debug|Any CPU
		{39EE11D7-D7B1-427B-867B-79811716E785}.Ad-Hoc|iPhone.ActiveCfg = Debug|Any CPU
		{39EE11D7-D7B1-427B-867B-79811716E785}.Ad-Hoc|iPhone.Build.0 = Debug|Any CPU
		{39EE11D7-D7B1-427B-867B-79811716E785}.Ad-Hoc|iPhoneSimulator.ActiveCfg = Debug|Any CPU
		{39EE11D7-D7B1-427B-867B-79811716E785}.Ad-Hoc|iPhoneSimulator.Build.0 = Debug|Any CPU
		{39EE11D7-D7B1-427B-867B-79811716E785}.AppStore|Any CPU.ActiveCfg = Debug|Any CPU
		{39EE11D7-D7B1-427B-867B-79811716E785}.AppStore|Any CPU.Build.0 = Debug|Any CPU
		{39EE11D7-D7B1-427B-867B-79811716E785}.AppStore|iPhone.ActiveCfg = Debug|Any CPU
		{39EE11D7-D7B1-427B-867B-79811716E785}.AppStore|iPhone.Build.0 = Debug|Any CPU
		{39EE11D7-D7B1-427B-867B-79811716E785}.AppStore|iPhoneSimulator.ActiveCfg = Debug|Any CPU
		{39EE11D7-D7B1-427B-867B-79811716E785}.AppStore|iPhoneSimulator.Build.0 = Debug|Any CPU
		{39EE11D7-D7B1-427B-867B-79811716E785}.Debug|Any CPU.ActiveCfg = Debug|Any CPU
		{39EE11D7-D7B1-427B-867B-79811716E785}.Debug|Any CPU.Build.0 = Debug|Any CPU
		{39EE11D7-D7B1-427B-867B-79811716E785}.Debug|iPhone.ActiveCfg = Debug|Any CPU
		{39EE11D7-D7B1-427B-867B-79811716E785}.Debug|iPhone.Build.0 = Debug|Any CPU
		{39EE11D7-D7B1-427B-867B-79811716E785}.Debug|iPhoneSimulator.ActiveCfg = Debug|Any CPU
		{39EE11D7-D7B1-427B-867B-79811716E785}.Debug|iPhoneSimulator.Build.0 = Debug|Any CPU
		{39EE11D7-D7B1-427B-867B-79811716E785}.Release|Any CPU.ActiveCfg = Release|Any CPU
		{39EE11D7-D7B1-427B-867B-79811716E785}.Release|Any CPU.Build.0 = Release|Any CPU
		{39EE11D7-D7B1-427B-867B-79811716E785}.Release|iPhone.ActiveCfg = Release|Any CPU
		{39EE11D7-D7B1-427B-867B-79811716E785}.Release|iPhone.Build.0 = Release|Any CPU
		{39EE11D7-D7B1-427B-867B-79811716E785}.Release|iPhoneSimulator.ActiveCfg = Release|Any CPU
		{39EE11D7-D7B1-427B-867B-79811716E785}.Release|iPhoneSimulator.Build.0 = Release|Any CPU
		{20D1302E-3406-4762-91EE-759F27DEDD96}.Ad-Hoc|Any CPU.ActiveCfg = Release|Any CPU
		{20D1302E-3406-4762-91EE-759F27DEDD96}.Ad-Hoc|Any CPU.Build.0 = Release|Any CPU
		{20D1302E-3406-4762-91EE-759F27DEDD96}.Ad-Hoc|Any CPU.Deploy.0 = Release|Any CPU
		{20D1302E-3406-4762-91EE-759F27DEDD96}.Ad-Hoc|iPhone.ActiveCfg = Release|Any CPU
		{20D1302E-3406-4762-91EE-759F27DEDD96}.Ad-Hoc|iPhone.Build.0 = Release|Any CPU
		{20D1302E-3406-4762-91EE-759F27DEDD96}.Ad-Hoc|iPhone.Deploy.0 = Release|Any CPU
		{20D1302E-3406-4762-91EE-759F27DEDD96}.Ad-Hoc|iPhoneSimulator.ActiveCfg = Release|Any CPU
		{20D1302E-3406-4762-91EE-759F27DEDD96}.Ad-Hoc|iPhoneSimulator.Build.0 = Release|Any CPU
		{20D1302E-3406-4762-91EE-759F27DEDD96}.Ad-Hoc|iPhoneSimulator.Deploy.0 = Release|Any CPU
		{20D1302E-3406-4762-91EE-759F27DEDD96}.AppStore|Any CPU.ActiveCfg = Release|Any CPU
		{20D1302E-3406-4762-91EE-759F27DEDD96}.AppStore|Any CPU.Build.0 = Release|Any CPU
		{20D1302E-3406-4762-91EE-759F27DEDD96}.AppStore|Any CPU.Deploy.0 = Release|Any CPU
		{20D1302E-3406-4762-91EE-759F27DEDD96}.AppStore|iPhone.ActiveCfg = Release|Any CPU
		{20D1302E-3406-4762-91EE-759F27DEDD96}.AppStore|iPhone.Build.0 = Release|Any CPU
		{20D1302E-3406-4762-91EE-759F27DEDD96}.AppStore|iPhone.Deploy.0 = Release|Any CPU
		{20D1302E-3406-4762-91EE-759F27DEDD96}.AppStore|iPhoneSimulator.ActiveCfg = Release|Any CPU
		{20D1302E-3406-4762-91EE-759F27DEDD96}.AppStore|iPhoneSimulator.Build.0 = Release|Any CPU
		{20D1302E-3406-4762-91EE-759F27DEDD96}.AppStore|iPhoneSimulator.Deploy.0 = Release|Any CPU
		{20D1302E-3406-4762-91EE-759F27DEDD96}.Debug|Any CPU.ActiveCfg = Debug|Any CPU
		{20D1302E-3406-4762-91EE-759F27DEDD96}.Debug|Any CPU.Build.0 = Debug|Any CPU
		{20D1302E-3406-4762-91EE-759F27DEDD96}.Debug|Any CPU.Deploy.0 = Debug|Any CPU
		{20D1302E-3406-4762-91EE-759F27DEDD96}.Debug|iPhone.ActiveCfg = Debug|Any CPU
		{20D1302E-3406-4762-91EE-759F27DEDD96}.Debug|iPhone.Build.0 = Debug|Any CPU
		{20D1302E-3406-4762-91EE-759F27DEDD96}.Debug|iPhone.Deploy.0 = Debug|Any CPU
		{20D1302E-3406-4762-91EE-759F27DEDD96}.Debug|iPhoneSimulator.ActiveCfg = Debug|Any CPU
		{20D1302E-3406-4762-91EE-759F27DEDD96}.Debug|iPhoneSimulator.Build.0 = Debug|Any CPU
		{20D1302E-3406-4762-91EE-759F27DEDD96}.Debug|iPhoneSimulator.Deploy.0 = Debug|Any CPU
		{20D1302E-3406-4762-91EE-759F27DEDD96}.Release|Any CPU.ActiveCfg = Release|Any CPU
		{20D1302E-3406-4762-91EE-759F27DEDD96}.Release|Any CPU.Build.0 = Release|Any CPU
		{20D1302E-3406-4762-91EE-759F27DEDD96}.Release|Any CPU.Deploy.0 = Release|Any CPU
		{20D1302E-3406-4762-91EE-759F27DEDD96}.Release|iPhone.ActiveCfg = Release|Any CPU
		{20D1302E-3406-4762-91EE-759F27DEDD96}.Release|iPhone.Build.0 = Release|Any CPU
		{20D1302E-3406-4762-91EE-759F27DEDD96}.Release|iPhone.Deploy.0 = Release|Any CPU
		{20D1302E-3406-4762-91EE-759F27DEDD96}.Release|iPhoneSimulator.ActiveCfg = Release|Any CPU
		{20D1302E-3406-4762-91EE-759F27DEDD96}.Release|iPhoneSimulator.Build.0 = Release|Any CPU
		{20D1302E-3406-4762-91EE-759F27DEDD96}.Release|iPhoneSimulator.Deploy.0 = Release|Any CPU
		{25CFB562-F969-4769-9883-5BE1AB677E64}.Ad-Hoc|Any CPU.ActiveCfg = Ad-Hoc|iPhone
		{25CFB562-F969-4769-9883-5BE1AB677E64}.Ad-Hoc|iPhone.ActiveCfg = Ad-Hoc|iPhone
		{25CFB562-F969-4769-9883-5BE1AB677E64}.Ad-Hoc|iPhone.Build.0 = Ad-Hoc|iPhone
		{25CFB562-F969-4769-9883-5BE1AB677E64}.Ad-Hoc|iPhoneSimulator.ActiveCfg = Ad-Hoc|iPhoneSimulator
		{25CFB562-F969-4769-9883-5BE1AB677E64}.Ad-Hoc|iPhoneSimulator.Build.0 = Ad-Hoc|iPhoneSimulator
		{25CFB562-F969-4769-9883-5BE1AB677E64}.AppStore|Any CPU.ActiveCfg = AppStore|iPhone
		{25CFB562-F969-4769-9883-5BE1AB677E64}.AppStore|iPhone.ActiveCfg = AppStore|iPhone
		{25CFB562-F969-4769-9883-5BE1AB677E64}.AppStore|iPhone.Build.0 = AppStore|iPhone
		{25CFB562-F969-4769-9883-5BE1AB677E64}.AppStore|iPhoneSimulator.ActiveCfg = AppStore|iPhoneSimulator
		{25CFB562-F969-4769-9883-5BE1AB677E64}.AppStore|iPhoneSimulator.Build.0 = AppStore|iPhoneSimulator
		{25CFB562-F969-4769-9883-5BE1AB677E64}.Debug|Any CPU.ActiveCfg = Debug|iPhone
		{25CFB562-F969-4769-9883-5BE1AB677E64}.Debug|iPhone.ActiveCfg = Debug|iPhone
		{25CFB562-F969-4769-9883-5BE1AB677E64}.Debug|iPhone.Build.0 = Debug|iPhone
		{25CFB562-F969-4769-9883-5BE1AB677E64}.Debug|iPhoneSimulator.ActiveCfg = Debug|iPhoneSimulator
		{25CFB562-F969-4769-9883-5BE1AB677E64}.Debug|iPhoneSimulator.Build.0 = Debug|iPhoneSimulator
		{25CFB562-F969-4769-9883-5BE1AB677E64}.Release|Any CPU.ActiveCfg = Release|iPhone
		{25CFB562-F969-4769-9883-5BE1AB677E64}.Release|iPhone.ActiveCfg = Release|iPhone
		{25CFB562-F969-4769-9883-5BE1AB677E64}.Release|iPhone.Build.0 = Release|iPhone
		{25CFB562-F969-4769-9883-5BE1AB677E64}.Release|iPhoneSimulator.ActiveCfg = Release|iPhoneSimulator
		{25CFB562-F969-4769-9883-5BE1AB677E64}.Release|iPhoneSimulator.Build.0 = Release|iPhoneSimulator
		{114154FA-56AB-419F-B0A0-43FA4041A901}.Ad-Hoc|Any CPU.ActiveCfg = Release|Any CPU
		{114154FA-56AB-419F-B0A0-43FA4041A901}.Ad-Hoc|Any CPU.Build.0 = Release|Any CPU
		{114154FA-56AB-419F-B0A0-43FA4041A901}.Ad-Hoc|Any CPU.Deploy.0 = Release|Any CPU
		{114154FA-56AB-419F-B0A0-43FA4041A901}.Ad-Hoc|iPhone.ActiveCfg = Release|Any CPU
		{114154FA-56AB-419F-B0A0-43FA4041A901}.Ad-Hoc|iPhone.Build.0 = Release|Any CPU
		{114154FA-56AB-419F-B0A0-43FA4041A901}.Ad-Hoc|iPhone.Deploy.0 = Release|Any CPU
		{114154FA-56AB-419F-B0A0-43FA4041A901}.Ad-Hoc|iPhoneSimulator.ActiveCfg = Release|Any CPU
		{114154FA-56AB-419F-B0A0-43FA4041A901}.Ad-Hoc|iPhoneSimulator.Build.0 = Release|Any CPU
		{114154FA-56AB-419F-B0A0-43FA4041A901}.Ad-Hoc|iPhoneSimulator.Deploy.0 = Release|Any CPU
		{114154FA-56AB-419F-B0A0-43FA4041A901}.AppStore|Any CPU.ActiveCfg = Release|Any CPU
		{114154FA-56AB-419F-B0A0-43FA4041A901}.AppStore|Any CPU.Build.0 = Release|Any CPU
		{114154FA-56AB-419F-B0A0-43FA4041A901}.AppStore|Any CPU.Deploy.0 = Release|Any CPU
		{114154FA-56AB-419F-B0A0-43FA4041A901}.AppStore|iPhone.ActiveCfg = Release|Any CPU
		{114154FA-56AB-419F-B0A0-43FA4041A901}.AppStore|iPhone.Build.0 = Release|Any CPU
		{114154FA-56AB-419F-B0A0-43FA4041A901}.AppStore|iPhone.Deploy.0 = Release|Any CPU
		{114154FA-56AB-419F-B0A0-43FA4041A901}.AppStore|iPhoneSimulator.ActiveCfg = Release|Any CPU
		{114154FA-56AB-419F-B0A0-43FA4041A901}.AppStore|iPhoneSimulator.Build.0 = Release|Any CPU
		{114154FA-56AB-419F-B0A0-43FA4041A901}.AppStore|iPhoneSimulator.Deploy.0 = Release|Any CPU
		{114154FA-56AB-419F-B0A0-43FA4041A901}.Debug|Any CPU.ActiveCfg = Debug|Any CPU
		{114154FA-56AB-419F-B0A0-43FA4041A901}.Debug|Any CPU.Build.0 = Debug|Any CPU
		{114154FA-56AB-419F-B0A0-43FA4041A901}.Debug|Any CPU.Deploy.0 = Debug|Any CPU
		{114154FA-56AB-419F-B0A0-43FA4041A901}.Debug|iPhone.ActiveCfg = Debug|Any CPU
		{114154FA-56AB-419F-B0A0-43FA4041A901}.Debug|iPhone.Build.0 = Debug|Any CPU
		{114154FA-56AB-419F-B0A0-43FA4041A901}.Debug|iPhone.Deploy.0 = Debug|Any CPU
		{114154FA-56AB-419F-B0A0-43FA4041A901}.Debug|iPhoneSimulator.ActiveCfg = Debug|Any CPU
		{114154FA-56AB-419F-B0A0-43FA4041A901}.Debug|iPhoneSimulator.Build.0 = Debug|Any CPU
		{114154FA-56AB-419F-B0A0-43FA4041A901}.Debug|iPhoneSimulator.Deploy.0 = Debug|Any CPU
		{114154FA-56AB-419F-B0A0-43FA4041A901}.Release|Any CPU.ActiveCfg = Release|Any CPU
		{114154FA-56AB-419F-B0A0-43FA4041A901}.Release|Any CPU.Build.0 = Release|Any CPU
		{114154FA-56AB-419F-B0A0-43FA4041A901}.Release|Any CPU.Deploy.0 = Release|Any CPU
		{114154FA-56AB-419F-B0A0-43FA4041A901}.Release|iPhone.ActiveCfg = Release|Any CPU
		{114154FA-56AB-419F-B0A0-43FA4041A901}.Release|iPhone.Build.0 = Release|Any CPU
		{114154FA-56AB-419F-B0A0-43FA4041A901}.Release|iPhone.Deploy.0 = Release|Any CPU
		{114154FA-56AB-419F-B0A0-43FA4041A901}.Release|iPhoneSimulator.ActiveCfg = Release|Any CPU
		{114154FA-56AB-419F-B0A0-43FA4041A901}.Release|iPhoneSimulator.Build.0 = Release|Any CPU
		{114154FA-56AB-419F-B0A0-43FA4041A901}.Release|iPhoneSimulator.Deploy.0 = Release|Any CPU
	EndGlobalSection
	GlobalSection(SolutionProperties) = preSolution
		HideSolutionNode = FALSE
	EndGlobalSection
	GlobalSection(ExtensibilityGlobals) = postSolution
		SolutionGuid = {76245AB7-05CD-4E52-A599-1485C6583E0A}
	EndGlobalSection
EndGlobal
